
Microsoft Visual Studio Solution File, Format Version 12.00
# Visual Studio Version 17
VisualStudioVersion = 17.13.35931.197 d17.13
MinimumVisualStudioVersion = 10.0.40219.1
Project("{FAE04EC0-301F-11D3-BF4B-00C04F79EFBC}") = "w", "w\w.csproj", "{F9A1D091-58B9-4195-99D2-25ADB1C747D5}"
EndProject
Global
	GlobalSection(SolutionConfigurationPlatforms) = preSolution
		Debug|Any CPU = Debug|Any CPU
		Release|Any CPU = Release|Any CPU
	EndGlobalSection
	GlobalSection(ProjectConfigurationPlatforms) = postSolution
		{F9A1D091-58B9-4195-99D2-25ADB1C747D5}.Debug|Any CPU.ActiveCfg = Debug|Any CPU
		{F9A1D091-58B9-4195-99D2-25ADB1C747D5}.Debug|Any CPU.Build.0 = Debug|Any CPU
		{F9A1D091-58B9-4195-99D2-25ADB1C747D5}.Release|Any CPU.ActiveCfg = Release|Any CPU
		{F9A1D091-58B9-4195-99D2-25ADB1C747D5}.Release|Any CPU.Build.0 = Release|Any CPU
	EndGlobalSection
	GlobalSection(SolutionProperties) = preSolution
		HideSolutionNode = FALSE
	EndGlobalSection
	GlobalSection(ExtensibilityGlobals) = postSolution
		SolutionGuid = {99CA7AA0-1C01-4348-A6FA-0B41EAE162EA}
	EndGlobalSection
EndGlobal
